
Microsoft Visual Studio Solution File, Format Version 12.00
# Visual Studio Version 17
VisualStudioVersion = 17.6.33829.357
MinimumVisualStudioVersion = 10.0.40219.1
Project("{FAE04EC0-301F-11D3-BF4B-00C04F79EFBC}") = "wedding-application", "wedding-application.csproj", "{C48B34DE-0837-4E66-B132-4051EC7104A7}"
EndProject
Global
	GlobalSection(SolutionConfigurationPlatforms) = preSolution
		Debug|Any CPU = Debug|Any CPU
		Release|Any CPU = Release|Any CPU
	EndGlobalSection
	GlobalSection(ProjectConfigurationPlatforms) = postSolution
		{C48B34DE-0837-4E66-B132-4051EC7104A7}.Debug|Any CPU.ActiveCfg = Debug|Any CPU
		{C48B34DE-0837-4E66-B132-4051EC7104A7}.Debug|Any CPU.Build.0 = Debug|Any CPU
		{C48B34DE-0837-4E66-B132-4051EC7104A7}.Release|Any CPU.ActiveCfg = Release|Any CPU
		{C48B34DE-0837-4E66-B132-4051EC7104A7}.Release|Any CPU.Build.0 = Release|Any CPU
	EndGlobalSection
	GlobalSection(SolutionProperties) = preSolution
		HideSolutionNode = FALSE
	EndGlobalSection
	GlobalSection(ExtensibilityGlobals) = postSolution
		SolutionGuid = {E3300304-39B4-446E-A1B5-9B21EFCF1424}
	EndGlobalSection
EndGlobal
